
Microsoft Visual Studio Solution File, Format Version 12.00
# Visual Studio Version 16
VisualStudioVersion = 16.0.30717.126
MinimumVisualStudioVersion = 10.0.40219.1
Project("{9A19103F-16F7-4668-BE54-9A1E7A4F7556}") = "RickAndMorty.Net.Api", "RickAndMorty.Net.Api\RickAndMorty.Net.Api.csproj", "{90E9BE2A-524E-4C06-A6B4-328F07D56756}"
EndProject
Project("{9A19103F-16F7-4668-BE54-9A1E7A4F7556}") = "RickAndMorty.Net.Api.Tests", "RickAndMorty.Net.Api.Tests\RickAndMorty.Net.Api.Tests.csproj", "{B4F1CAD3-C3BC-4A18-8CCF-20D2C75ECFAC}"
EndProject
Project("{2150E333-8FDC-42A3-9474-1A3956D46DE8}") = "Solution Items", "Solution Items", "{2FAE0AC4-1EDB-46B8-87C4-C5E098C192BC}"
EndProject
Project("{9A19103F-16F7-4668-BE54-9A1E7A4F7556}") = "Brainbay.Submission.DataAccess", "Brainbay.Submission.DataAccess\Brainbay.Submission.DataAccess.csproj", "{01CAB47A-18E0-49C5-8F75-06BE071E462E}"
EndProject
Project("{9A19103F-16F7-4668-BE54-9A1E7A4F7556}") = "Brainbay.Submission.DataAccess.Tests", "Brainbay.Submission.DataAccess.Tests\Brainbay.Submission.DataAccess.Tests.csproj", "{C82877F7-4461-4AA3-8F7E-61B0531E824C}"
EndProject
Project("{FAE04EC0-301F-11D3-BF4B-00C04F79EFBC}") = "Brainbay.Submission.ApiScraper", "Brainbay.Submission.ApiScraper\Brainbay.Submission.ApiScraper.csproj", "{A3034211-F2B0-4E23-BAC6-A806D214BA62}"
EndProject
Global
	GlobalSection(SolutionConfigurationPlatforms) = preSolution
		Debug|Any CPU = Debug|Any CPU
		Release|Any CPU = Release|Any CPU
	EndGlobalSection
	GlobalSection(ProjectConfigurationPlatforms) = postSolution
		{90E9BE2A-524E-4C06-A6B4-328F07D56756}.Debug|Any CPU.ActiveCfg = Debug|Any CPU
		{90E9BE2A-524E-4C06-A6B4-328F07D56756}.Debug|Any CPU.Build.0 = Debug|Any CPU
		{90E9BE2A-524E-4C06-A6B4-328F07D56756}.Release|Any CPU.ActiveCfg = Release|Any CPU
		{90E9BE2A-524E-4C06-A6B4-328F07D56756}.Release|Any CPU.Build.0 = Release|Any CPU
		{B4F1CAD3-C3BC-4A18-8CCF-20D2C75ECFAC}.Debug|Any CPU.ActiveCfg = Debug|Any CPU
		{B4F1CAD3-C3BC-4A18-8CCF-20D2C75ECFAC}.Debug|Any CPU.Build.0 = Debug|Any CPU
		{B4F1CAD3-C3BC-4A18-8CCF-20D2C75ECFAC}.Release|Any CPU.ActiveCfg = Release|Any CPU
		{B4F1CAD3-C3BC-4A18-8CCF-20D2C75ECFAC}.Release|Any CPU.Build.0 = Release|Any CPU
		{01CAB47A-18E0-49C5-8F75-06BE071E462E}.Debug|Any CPU.ActiveCfg = Debug|Any CPU
		{01CAB47A-18E0-49C5-8F75-06BE071E462E}.Debug|Any CPU.Build.0 = Debug|Any CPU
		{01CAB47A-18E0-49C5-8F75-06BE071E462E}.Release|Any CPU.ActiveCfg = Release|Any CPU
		{01CAB47A-18E0-49C5-8F75-06BE071E462E}.Release|Any CPU.Build.0 = Release|Any CPU
		{C82877F7-4461-4AA3-8F7E-61B0531E824C}.Debug|Any CPU.ActiveCfg = Debug|Any CPU
		{C82877F7-4461-4AA3-8F7E-61B0531E824C}.Debug|Any CPU.Build.0 = Debug|Any CPU
		{C82877F7-4461-4AA3-8F7E-61B0531E824C}.Release|Any CPU.ActiveCfg = Release|Any CPU
		{C82877F7-4461-4AA3-8F7E-61B0531E824C}.Release|Any CPU.Build.0 = Release|Any CPU
		{A3034211-F2B0-4E23-BAC6-A806D214BA62}.Debug|Any CPU.ActiveCfg = Debug|Any CPU
		{A3034211-F2B0-4E23-BAC6-A806D214BA62}.Debug|Any CPU.Build.0 = Debug|Any CPU
		{A3034211-F2B0-4E23-BAC6-A806D214BA62}.Release|Any CPU.ActiveCfg = Release|Any CPU
		{A3034211-F2B0-4E23-BAC6-A806D214BA62}.Release|Any CPU.Build.0 = Release|Any CPU
	EndGlobalSection
	GlobalSection(SolutionProperties) = preSolution
		HideSolutionNode = FALSE
	EndGlobalSection
	GlobalSection(ExtensibilityGlobals) = postSolution
		SolutionGuid = {AD11AFE6-6072-4693-8CDE-F922E6D73FF0}
	EndGlobalSection
EndGlobal
